schema: '2.0'
stages:
  get_data:
    cmd: python scripts/data.py
    deps:
    - path: scripts/data.py
      hash: md5
      md5: 1505db36f4f507c4414e16cf04d2dde7
      size: 1453
    params:
      params.yaml:
        index_col: customer_id
    outs:
    - path: data/initial_data.csv
      hash: md5
      md5: a2965d61f5cac3b9ef926150895fe7e3
      size: 820789
  fit_model:
    cmd: python scripts/fit.py
    deps:
    - path: data/initial_data.csv
      hash: md5
      md5: a2965d61f5cac3b9ef926150895fe7e3
      size: 820789
    - path: scripts/fit.py
      hash: md5
      md5: 260546325365ca43ab2a1400d34c725e
      size: 1792
    params:
      params.yaml:
        index_col: customer_id
        lr_C: 1
        lr_penalty: l2
        one_hot_drop: if_binary
        target_col: target
    outs:
    - path: models/fitted_model.pkl
      hash: md5
      md5: 784003df9d794da17ebd44ce4f3e1539
      size: 11838
  evaluate_model:
    cmd: python scripts/evaluate.py
    deps:
    - path: models/fitted_model.pkl
      hash: md5
      md5: 784003df9d794da17ebd44ce4f3e1539
      size: 11838
    - path: scripts/evaluate.py
      hash: md5
      md5: da48c8d4584f13b95172138c26c091ba
      size: 901
    params:
      params.yaml:
        index_col: customer_id
        metrics:
        - f1
        - roc_auc
        n_jobs: -1
        n_splits: 5
        target_col: target
    outs:
    - path: cv_results/cv_res.json
      hash: md5
      md5: 4a1b4a2864ce8d1566c2e165f97a5234
      size: 77
